// !$*UTF8*$!
{
	archiveVersion = 1;
	classes = {
	};
	objectVersion = 50;
	objects = {

/* Begin PBXBuildFile section */
		BC64EBA924D1167F00EB6871 /* AppDelegate.swift in Sources */ = {isa = PBXBuildFile; fileRef = BC64EBA824D1167F00EB6871 /* AppDelegate.swift */; };
		BC64EBAB24D1167F00EB6871 /* SceneDelegate.swift in Sources */ = {isa = PBXBuildFile; fileRef = BC64EBAA24D1167F00EB6871 /* SceneDelegate.swift */; };
		BC64EBAD24D1167F00EB6871 /* ContentView.swift in Sources */ = {isa = PBXBuildFile; fileRef = BC64EBAC24D1167F00EB6871 /* ContentView.swift */; };
		BC64EBAF24D1168300EB6871 /* Assets.xcassets in Resources */ = {isa = PBXBuildFile; fileRef = BC64EBAE24D1168300EB6871 /* Assets.xcassets */; };
		BC64EBB224D1168300EB6871 /* Preview Assets.xcassets in Resources */ = {isa = PBXBuildFile; fileRef = BC64EBB124D1168300EB6871 /* Preview Assets.xcassets */; };
		BC64EBB524D1168300EB6871 /* LaunchScreen.storyboard in Resources */ = {isa = PBXBuildFile; fileRef = BC64EBB324D1168300EB6871 /* LaunchScreen.storyboard */; };
		BC64EBBD24D11B0400EB6871 /* PostCell.swift in Sources */ = {isa = PBXBuildFile; fileRef = BC64EBBC24D11B0400EB6871 /* PostCell.swift */; };
		BC64EC1224D1278700EB6871 /* 8697cf1ely8gashxj3b09j20u00u040v.jpg in Resources */ = {isa = PBXBuildFile; fileRef = BC64EBBF24D1278700EB6871 /* 8697cf1ely8gashxj3b09j20u00u040v.jpg */; };
		BC64EC1324D1278700EB6871 /* d0c21786ly1gavj2c0kcej20c8096dh7.jpg in Resources */ = {isa = PBXBuildFile; fileRef = BC64EBC024D1278700EB6871 /* d0c21786ly1gavj2c0kcej20c8096dh7.jpg */; };
		BC64EC1424D1278700EB6871 /* 6ec3b446jw1e8qgp5bmzyj2050050aa8.jpg in Resources */ = {isa = PBXBuildFile; fileRef = BC64EBC124D1278700EB6871 /* 6ec3b446jw1e8qgp5bmzyj2050050aa8.jpg */; };
		BC64EC1524D1278700EB6871 /* 8a0b5544jw1e8qgp5bmzyj2050050aa8.jpg in Resources */ = {isa = PBXBuildFile; fileRef = BC64EBC224D1278700EB6871 /* 8a0b5544jw1e8qgp5bmzyj2050050aa8.jpg */; };
		BC64EC1624D1278700EB6871 /* bca7fdafly1gax1gqdg6qj20c80avdgl.jpg in Resources */ = {isa = PBXBuildFile; fileRef = BC64EBC324D1278700EB6871 /* bca7fdafly1gax1gqdg6qj20c80avdgl.jpg */; };
		BC64EC1724D1278700EB6871 /* 9dc7402fjw1e8qgp5bmzyj2050050aa8.jpg in Resources */ = {isa = PBXBuildFile; fileRef = BC64EBC424D1278700EB6871 /* 9dc7402fjw1e8qgp5bmzyj2050050aa8.jpg */; };
		BC64EC1824D1278700EB6871 /* eb5c94aegy1gav25n5ibjj20zk1h8wuu.jpg in Resources */ = {isa = PBXBuildFile; fileRef = BC64EBC524D1278700EB6871 /* eb5c94aegy1gav25n5ibjj20zk1h8wuu.jpg */; };
		BC64EC1924D1278700EB6871 /* 006gWxMEly1gavap8dywoj30hs0bwq48.jpg in Resources */ = {isa = PBXBuildFile; fileRef = BC64EBC624D1278700EB6871 /* 006gWxMEly1gavap8dywoj30hs0bwq48.jpg */; };
		BC64EC1A24D1278700EB6871 /* 630584a6gy1gau54zl806j20m80etmzo.jpg in Resources */ = {isa = PBXBuildFile; fileRef = BC64EBC724D1278700EB6871 /* 630584a6gy1gau54zl806j20m80etmzo.jpg */; };
		BC64EC1B24D1278700EB6871 /* 9dc7402fgy1gavd38wwlrj20j60nyq6y.jpg in Resources */ = {isa = PBXBuildFile; fileRef = BC64EBC824D1278700EB6871 /* 9dc7402fgy1gavd38wwlrj20j60nyq6y.jpg */; };
		BC64EC1C24D1278700EB6871 /* 8a0b5544gy1gauy2flua6j20u00hitab.jpg in Resources */ = {isa = PBXBuildFile; fileRef = BC64EBC924D1278700EB6871 /* 8a0b5544gy1gauy2flua6j20u00hitab.jpg */; };
		BC64EC1D24D1278700EB6871 /* 7f9147a5ly1fzxlh4ovuej20e90fl4fo.jpg in Resources */ = {isa = PBXBuildFile; fileRef = BC64EBCA24D1278700EB6871 /* 7f9147a5ly1fzxlh4ovuej20e90fl4fo.jpg */; };
		BC64EC1E24D1278700EB6871 /* 7f9147a5ly1fzxlgxgzpij20e90fltsj.jpg in Resources */ = {isa = PBXBuildFile; fileRef = BC64EBCB24D1278700EB6871 /* 7f9147a5ly1fzxlgxgzpij20e90fltsj.jpg */; };
		BC64EC1F24D1278700EB6871 /* 76297935ly1gatz8obqvkj22c0340npe.jpg in Resources */ = {isa = PBXBuildFile; fileRef = BC64EBCC24D1278700EB6871 /* 76297935ly1gatz8obqvkj22c0340npe.jpg */; };
		BC64EC2024D1278700EB6871 /* d0c21786ly8fsax1ftiifj20ro0ro43g.jpg in Resources */ = {isa = PBXBuildFile; fileRef = BC64EBCD24D1278700EB6871 /* d0c21786ly8fsax1ftiifj20ro0ro43g.jpg */; };
		BC64EC2124D1278700EB6871 /* 9dc7402fgy1gavd38kqjtj20j60nyn1d.jpg in Resources */ = {isa = PBXBuildFile; fileRef = BC64EBCE24D1278700EB6871 /* 9dc7402fgy1gavd38kqjtj20j60nyn1d.jpg */; };
		BC64EC2224D1278700EB6871 /* 6a2afec3gy1gaulykcejqj20t5145wns.jpg in Resources */ = {isa = PBXBuildFile; fileRef = BC64EBCF24D1278700EB6871 /* 6a2afec3gy1gaulykcejqj20t5145wns.jpg */; };
		BC64EC2324D1278700EB6871 /* 4e7f0c83gy1gam2mp0x4pj22tc240u0x.jpg in Resources */ = {isa = PBXBuildFile; fileRef = BC64EBD024D1278700EB6871 /* 4e7f0c83gy1gam2mp0x4pj22tc240u0x.jpg */; };
		BC64EC2424D1278700EB6871 /* c5aa834fgy1gauzrb7s5ej20tz13qh5x.jpg in Resources */ = {isa = PBXBuildFile; fileRef = BC64EBD124D1278700EB6871 /* c5aa834fgy1gauzrb7s5ej20tz13qh5x.jpg */; };
		BC64EC2524D1278700EB6871 /* 700a34f6gy1gaunswxtlrj20j60pkgok.jpg in Resources */ = {isa = PBXBuildFile; fileRef = BC64EBD224D1278700EB6871 /* 700a34f6gy1gaunswxtlrj20j60pkgok.jpg */; };
		BC64EC2624D1278700EB6871 /* 8a0b5544gy1gauy2ex786j20u0129aed.jpg in Resources */ = {isa = PBXBuildFile; fileRef = BC64EBD324D1278700EB6871 /* 8a0b5544gy1gauy2ex786j20u0129aed.jpg */; };
		BC64EC2724D1278700EB6871 /* 76297935ly1gatz89dzblj23402c0qv6.jpg in Resources */ = {isa = PBXBuildFile; fileRef = BC64EBD424D1278700EB6871 /* 76297935ly1gatz89dzblj23402c0qv6.jpg */; };
		BC64EC2824D1278700EB6871 /* 700a34f6gy1gaunswy5qnj20j60pkadk.jpg in Resources */ = {isa = PBXBuildFile; fileRef = BC64EBD524D1278700EB6871 /* 700a34f6gy1gaunswy5qnj20j60pkadk.jpg */; };
		BC64EC2924D1278700EB6871 /* bca7fdafgw1ekhkps65b1j2050050dg4.jpg in Resources */ = {isa = PBXBuildFile; fileRef = BC64EBD624D1278700EB6871 /* bca7fdafgw1ekhkps65b1j2050050dg4.jpg */; };
		BC64EC2A24D1278700EB6871 /* PostListData_recommend_1.json in Resources */ = {isa = PBXBuildFile; fileRef = BC64EBD724D1278700EB6871 /* PostListData_recommend_1.json */; };
		BC64EC2B24D1278800EB6871 /* 006gWxMEly8g0bjpl3ynij30kv0kv773.jpg in Resources */ = {isa = PBXBuildFile; fileRef = BC64EBD824D1278700EB6871 /* 006gWxMEly8g0bjpl3ynij30kv0kv773.jpg */; };
		BC64EC2C24D1278800EB6871 /* 6ec3b446gy1gavd51jc4lj20j60pmwhl.jpg in Resources */ = {isa = PBXBuildFile; fileRef = BC64EBD924D1278700EB6871 /* 6ec3b446gy1gavd51jc4lj20j60pmwhl.jpg */; };
		BC64EC2D24D1278800EB6871 /* 006gWxMEly1gavap88gttj30hs0a0dgf.jpg in Resources */ = {isa = PBXBuildFile; fileRef = BC64EBDA24D1278700EB6871 /* 006gWxMEly1gavap88gttj30hs0a0dgf.jpg */; };
		BC64EC2E24D1278800EB6871 /* 4e7f0c83gy1gam2ml6nucj22tc240kjl.jpg in Resources */ = {isa = PBXBuildFile; fileRef = BC64EBDB24D1278700EB6871 /* 4e7f0c83gy1gam2ml6nucj22tc240kjl.jpg */; };
		BC64EC2F24D1278800EB6871 /* 4e7f0c83gy1gam2misv31j21hc0u016k.jpg in Resources */ = {isa = PBXBuildFile; fileRef = BC64EBDC24D1278700EB6871 /* 4e7f0c83gy1gam2misv31j21hc0u016k.jpg */; };
		BC64EC3024D1278800EB6871 /* 8a0b5544gy1gauy2gmkg9j20u00gegnp.jpg in Resources */ = {isa = PBXBuildFile; fileRef = BC64EBDD24D1278700EB6871 /* 8a0b5544gy1gauy2gmkg9j20u00gegnp.jpg */; };
		BC64EC3124D1278800EB6871 /* 006gWxMEly1gavap8vsqaj30hs0bwgm6.jpg in Resources */ = {isa = PBXBuildFile; fileRef = BC64EBDE24D1278700EB6871 /* 006gWxMEly1gavap8vsqaj30hs0bwgm6.jpg */; };
		BC64EC3224D1278800EB6871 /* 648ed25bjw8est9nqrtnij20500503yr.jpg in Resources */ = {isa = PBXBuildFile; fileRef = BC64EBDF24D1278700EB6871 /* 648ed25bjw8est9nqrtnij20500503yr.jpg */; };
		BC64EC3324D1278800EB6871 /* eb5c94aegy1gav25ox6dvj20u00k1go9.jpg in Resources */ = {isa = PBXBuildFile; fileRef = BC64EBE024D1278700EB6871 /* eb5c94aegy1gav25ox6dvj20u00k1go9.jpg */; };
		BC64EC3424D1278800EB6871 /* 8a0b5544gy1gauy2g35yoj20u00fomzf.jpg in Resources */ = {isa = PBXBuildFile; fileRef = BC64EBE124D1278700EB6871 /* 8a0b5544gy1gauy2g35yoj20u00fomzf.jpg */; };
		BC64EC3524D1278800EB6871 /* 006PdkDoly8ffywe2fq39j304g04gwed.jpg in Resources */ = {isa = PBXBuildFile; fileRef = BC64EBE224D1278700EB6871 /* 006PdkDoly8ffywe2fq39j304g04gwed.jpg */; };
		BC64EC3624D1278800EB6871 /* 700a34f6gy1gaunsxgzixj20j60edmz8.jpg in Resources */ = {isa = PBXBuildFile; fileRef = BC64EBE324D1278700EB6871 /* 700a34f6gy1gaunsxgzixj20j60edmz8.jpg */; };
		BC64EC3724D1278800EB6871 /* bca7fdafly1gax1gqdnboj20c80atmxp.jpg in Resources */ = {isa = PBXBuildFile; fileRef = BC64EBE424D1278700EB6871 /* bca7fdafly1gax1gqdnboj20c80atmxp.jpg */; };
		BC64EC3824D1278800EB6871 /* c5aa834fgy1gauzr6venkj20u01hc12f.jpg in Resources */ = {isa = PBXBuildFile; fileRef = BC64EBE524D1278700EB6871 /* c5aa834fgy1gauzr6venkj20u01hc12f.jpg */; };
		BC64EC3924D1278800EB6871 /* 7f9147a5ly1fzxlh6hzdnj20e90fl7me.jpg in Resources */ = {isa = PBXBuildFile; fileRef = BC64EBE624D1278700EB6871 /* 7f9147a5ly1fzxlh6hzdnj20e90fl7me.jpg */; };
		BC64EC3A24D1278800EB6871 /* 630584a6gy1gau54zm4dtj20m80dftbv.jpg in Resources */ = {isa = PBXBuildFile; fileRef = BC64EBE724D1278700EB6871 /* 630584a6gy1gau54zm4dtj20m80dftbv.jpg */; };
		BC64EC3B24D1278800EB6871 /* c5aa834fgy1gauzr86bp5j20pb0w47in.jpg in Resources */ = {isa = PBXBuildFile; fileRef = BC64EBE824D1278700EB6871 /* c5aa834fgy1gauzr86bp5j20pb0w47in.jpg */; };
		BC64EC3C24D1278800EB6871 /* 9dc7402fgy1gavd39ba15j20j60nywii.jpg in Resources */ = {isa = PBXBuildFile; fileRef = BC64EBE924D1278700EB6871 /* 9dc7402fgy1gavd39ba15j20j60nywii.jpg */; };
		BC64EC3D24D1278800EB6871 /* bca7fdafly1gax1gqfgsjj20c80axaay.jpg in Resources */ = {isa = PBXBuildFile; fileRef = BC64EBEA24D1278700EB6871 /* bca7fdafly1gax1gqfgsjj20c80axaay.jpg */; };
		BC64EC3E24D1278800EB6871 /* c5aa834fly8g97m8ix9lcj20re0regnk.jpg in Resources */ = {isa = PBXBuildFile; fileRef = BC64EBEB24D1278700EB6871 /* c5aa834fly8g97m8ix9lcj20re0regnk.jpg */; };
		BC64EC3F24D1278800EB6871 /* 700a34f6ly8g9a29rjt92j20fn0iqdg8.jpg in Resources */ = {isa = PBXBuildFile; fileRef = BC64EBEC24D1278700EB6871 /* 700a34f6ly8g9a29rjt92j20fn0iqdg8.jpg */; };
		BC64EC4024D1278800EB6871 /* d0c21786ly1gavj2cdrkyj20c80720tg.jpg in Resources */ = {isa = PBXBuildFile; fileRef = BC64EBED24D1278700EB6871 /* d0c21786ly1gavj2cdrkyj20c80720tg.jpg */; };
		BC64EC4124D1278800EB6871 /* bca7fdafly1gax1gqehdaj20c80atq3x.jpg in Resources */ = {isa = PBXBuildFile; fileRef = BC64EBEE24D1278700EB6871 /* bca7fdafly1gax1gqehdaj20c80atq3x.jpg */; };
		BC64EC4224D1278800EB6871 /* d0c21786ly1gavj2d17d9j20c808zq3r.jpg in Resources */ = {isa = PBXBuildFile; fileRef = BC64EBEF24D1278700EB6871 /* d0c21786ly1gavj2d17d9j20c808zq3r.jpg */; };
		BC64EC4324D1278800EB6871 /* 8a0b5544gy1gauy2gz000j20u00n6wgj.jpg in Resources */ = {isa = PBXBuildFile; fileRef = BC64EBF024D1278700EB6871 /* 8a0b5544gy1gauy2gz000j20u00n6wgj.jpg */; };
		BC64EC4424D1278800EB6871 /* 006PdkDogy1gap6ngj12ej30u011itf7.jpg in Resources */ = {isa = PBXBuildFile; fileRef = BC64EBF124D1278700EB6871 /* 006PdkDogy1gap6ngj12ej30u011itf7.jpg */; };
		BC64EC4524D1278800EB6871 /* 700a34f6gy1gaunsx2jywj20j60pkaeu.jpg in Resources */ = {isa = PBXBuildFile; fileRef = BC64EBF224D1278700EB6871 /* 700a34f6gy1gaunsx2jywj20j60pkaeu.jpg */; };
		BC64EC4624D1278800EB6871 /* 4e7f0c83gy1gam2mr1b81j22tc2407wi.jpg in Resources */ = {isa = PBXBuildFile; fileRef = BC64EBF324D1278700EB6871 /* 4e7f0c83gy1gam2mr1b81j22tc2407wi.jpg */; };
		BC64EC4724D1278800EB6871 /* 6a2afec3jw8fb4ld0qf2gj20e80dsdfz.jpg in Resources */ = {isa = PBXBuildFile; fileRef = BC64EBF424D1278700EB6871 /* 6a2afec3jw8fb4ld0qf2gj20e80dsdfz.jpg */; };
		BC64EC4824D1278800EB6871 /* bca7fdafly1gax1gqd9vmj20c80ayaam.jpg in Resources */ = {isa = PBXBuildFile; fileRef = BC64EBF524D1278700EB6871 /* bca7fdafly1gax1gqd9vmj20c80ayaam.jpg */; };
		BC64EC4924D1278800EB6871 /* 8a0b5544gy1gauy2hcozsj20u01czdiy.jpg in Resources */ = {isa = PBXBuildFile; fileRef = BC64EBF624D1278700EB6871 /* 8a0b5544gy1gauy2hcozsj20u01czdiy.jpg */; };
		BC64EC4A24D1278800EB6871 /* c5aa834fgy1gauzr95r6fj20tw0l3dq4.jpg in Resources */ = {isa = PBXBuildFile; fileRef = BC64EBF724D1278700EB6871 /* c5aa834fgy1gauzr95r6fj20tw0l3dq4.jpg */; };
		BC64EC4B24D1278800EB6871 /* 006PdkDogy1gap6ngiyn3j30u011idle.jpg in Resources */ = {isa = PBXBuildFile; fileRef = BC64EBF824D1278700EB6871 /* 006PdkDogy1gap6ngiyn3j30u011idle.jpg */; };
		BC64EC4C24D1278800EB6871 /* d0c21786ly1gavj2btv6tj20c80790tg.jpg in Resources */ = {isa = PBXBuildFile; fileRef = BC64EBF924D1278700EB6871 /* d0c21786ly1gavj2btv6tj20c80790tg.jpg */; };
		BC64EC4D24D1278800EB6871 /* PostListData_hot_1.json in Resources */ = {isa = PBXBuildFile; fileRef = BC64EBFA24D1278700EB6871 /* PostListData_hot_1.json */; };
		BC64EC4E24D1278800EB6871 /* eb5c94aely8fmvumnl9baj20v90v9q49.jpg in Resources */ = {isa = PBXBuildFile; fileRef = BC64EBFB24D1278700EB6871 /* eb5c94aely8fmvumnl9baj20v90v9q49.jpg */; };
		BC64EC4F24D1278800EB6871 /* 630584a6ly8fqs5wwkkmrj20ku0kuta7.jpg in Resources */ = {isa = PBXBuildFile; fileRef = BC64EBFC24D1278700EB6871 /* 630584a6ly8fqs5wwkkmrj20ku0kuta7.jpg */; };
		BC64EC5024D1278800EB6871 /* d0c21786ly1gavj2cowp9j20c8083ab4.jpg in Resources */ = {isa = PBXBuildFile; fileRef = BC64EBFD24D1278700EB6871 /* d0c21786ly1gavj2cowp9j20c8083ab4.jpg */; };
		BC64EC5124D1278800EB6871 /* 9dc7402fgy1gavd367p0pj20j60nywic.jpg in Resources */ = {isa = PBXBuildFile; fileRef = BC64EBFE24D1278700EB6871 /* 9dc7402fgy1gavd367p0pj20j60nywic.jpg */; };
		BC64EC5224D1278800EB6871 /* 006gWxMEly1gavap86qr9j30ht0qo40t.jpg in Resources */ = {isa = PBXBuildFile; fileRef = BC64EBFF24D1278700EB6871 /* 006gWxMEly1gavap86qr9j30ht0qo40t.jpg */; };
		BC64EC5324D1278800EB6871 /* 76297935ly1gatz8k5itij22c02c01ky.jpg in Resources */ = {isa = PBXBuildFile; fileRef = BC64EC0024D1278700EB6871 /* 76297935ly1gatz8k5itij22c02c01ky.jpg */; };
		BC64EC5424D1278800EB6871 /* 76297935ly1gatz8g5rvxj22c03401kz.jpg in Resources */ = {isa = PBXBuildFile; fileRef = BC64EC0124D1278700EB6871 /* 76297935ly1gatz8g5rvxj22c03401kz.jpg */; };
		BC64EC5524D1278800EB6871 /* 700a34f6gy1gaunsxhp4pj20j60pkn1k.jpg in Resources */ = {isa = PBXBuildFile; fileRef = BC64EC0224D1278700EB6871 /* 700a34f6gy1gaunsxhp4pj20j60pkn1k.jpg */; };
		BC64EC5624D1278800EB6871 /* eb5c94aegy1gav2509cp5j20zk0k0n2j.jpg in Resources */ = {isa = PBXBuildFile; fileRef = BC64EC0324D1278700EB6871 /* eb5c94aegy1gav2509cp5j20zk0k0n2j.jpg */; };
		BC64EC5724D1278800EB6871 /* 4e7f0c83gy1gam2mn58d3j22tc240qv5.jpg in Resources */ = {isa = PBXBuildFile; fileRef = BC64EC0424D1278700EB6871 /* 4e7f0c83gy1gam2mn58d3j22tc240qv5.jpg */; };
		BC64EC5824D1278800EB6871 /* eb5c94aegy1gav26fycwlj20zk1h8drh.jpg in Resources */ = {isa = PBXBuildFile; fileRef = BC64EC0524D1278700EB6871 /* eb5c94aegy1gav26fycwlj20zk1h8drh.jpg */; };
		BC64EC5924D1278800EB6871 /* 630584a6gy1gau54zyj61j20m80etn07.jpg in Resources */ = {isa = PBXBuildFile; fileRef = BC64EC0624D1278700EB6871 /* 630584a6gy1gau54zyj61j20m80etn07.jpg */; };
		BC64EC5A24D1278800EB6871 /* c5aa834fgy1gauzr8ok78j20tz12fk8w.jpg in Resources */ = {isa = PBXBuildFile; fileRef = BC64EC0724D1278700EB6871 /* c5aa834fgy1gauzr8ok78j20tz12fk8w.jpg */; };
		BC64EC5B24D1278800EB6871 /* 76297935ly8g4phfkq68hj20u00u0mzt.jpg in Resources */ = {isa = PBXBuildFile; fileRef = BC64EC0824D1278700EB6871 /* 76297935ly8g4phfkq68hj20u00u0mzt.jpg */; };
		BC64EC5C24D1278800EB6871 /* 9dc7402fgy1gavd37l9nwj20j60ny44q.jpg in Resources */ = {isa = PBXBuildFile; fileRef = BC64EC0924D1278700EB6871 /* 9dc7402fgy1gavd37l9nwj20j60ny44q.jpg */; };
		BC64EC5D24D1278800EB6871 /* 700a34f6gy1gaunswwui7j20j60pl78e.jpg in Resources */ = {isa = PBXBuildFile; fileRef = BC64EC0A24D1278700EB6871 /* 700a34f6gy1gaunswwui7j20j60pl78e.jpg */; };
		BC64EC5E24D1278800EB6871 /* 630584a6gy1gau54zgaxhj20m80et0vq.jpg in Resources */ = {isa = PBXBuildFile; fileRef = BC64EC0B24D1278700EB6871 /* 630584a6gy1gau54zgaxhj20m80et0vq.jpg */; };
		BC64EC5F24D1278800EB6871 /* 4e7f0c83gy1gam2mjhk8zj21hc0v6wnx.jpg in Resources */ = {isa = PBXBuildFile; fileRef = BC64EC0C24D1278700EB6871 /* 4e7f0c83gy1gam2mjhk8zj21hc0v6wnx.jpg */; };
		BC64EC6024D1278800EB6871 /* 6ec3b446gy1gavd4xud8lj20j60qkwj0.jpg in Resources */ = {isa = PBXBuildFile; fileRef = BC64EC0D24D1278700EB6871 /* 6ec3b446gy1gavd4xud8lj20j60qkwj0.jpg */; };
		BC64EC6124D1278800EB6871 /* 4e7f0c83ly8g1ho507078j20ro0rojtq.jpg in Resources */ = {isa = PBXBuildFile; fileRef = BC64EC0E24D1278700EB6871 /* 4e7f0c83ly8g1ho507078j20ro0rojtq.jpg */; };
		BC64EC6224D1278800EB6871 /* bca7fdafly1gax1gqdhouj20c80axaam.jpg in Resources */ = {isa = PBXBuildFile; fileRef = BC64EC0F24D1278700EB6871 /* bca7fdafly1gax1gqdhouj20c80axaam.jpg */; };
		BC64EC6324D1278800EB6871 /* 6ec3b446gy1gavd523embj20j60pytd6.jpg in Resources */ = {isa = PBXBuildFile; fileRef = BC64EC1024D1278700EB6871 /* 6ec3b446gy1gavd523embj20j60pytd6.jpg */; };
		BC64EC6424D1278800EB6871 /* 005tnxzUly8gab4i2r73xj30u00u0js8.jpg in Resources */ = {isa = PBXBuildFile; fileRef = BC64EC1124D1278700EB6871 /* 005tnxzUly8gab4i2r73xj30u00u0js8.jpg */; };
		BC64EC6624D12A6700EB6871 /* PostVIPBadge.swift in Sources */ = {isa = PBXBuildFile; fileRef = BC64EC6524D12A6700EB6871 /* PostVIPBadge.swift */; };
		BC64EC6824D13F1900EB6871 /* Post.swift in Sources */ = {isa = PBXBuildFile; fileRef = BC64EC6724D13F1900EB6871 /* Post.swift */; };
/* End PBXBuildFile section */

/* Begin PBXFileReference section */
		BC64EBA524D1167F00EB6871 /* WeiboDemo.app */ = {isa = PBXFileReference; explicitFileType = wrapper.application; includeInIndex = 0; path = WeiboDemo.app; sourceTree = BUILT_PRODUCTS_DIR; };
		BC64EBA824D1167F00EB6871 /* AppDelegate.swift */ = {isa = PBXFileReference; lastKnownFileType = sourcecode.swift; path = AppDelegate.swift; sourceTree = "<group>"; };
		BC64EBAA24D1167F00EB6871 /* SceneDelegate.swift */ = {isa = PBXFileReference; lastKnownFileType = sourcecode.swift; path = SceneDelegate.swift; sourceTree = "<group>"; };
		BC64EBAC24D1167F00EB6871 /* ContentView.swift */ = {isa = PBXFileReference; lastKnownFileType = sourcecode.swift; path = ContentView.swift; sourceTree = "<group>"; };
		BC64EBAE24D1168300EB6871 /* Assets.xcassets */ = {isa = PBXFileReference; lastKnownFileType = folder.assetcatalog; path = Assets.xcassets; sourceTree = "<group>"; };
		BC64EBB124D1168300EB6871 /* Preview Assets.xcassets */ = {isa = PBXFileReference; lastKnownFileType = folder.assetcatalog; path = "Preview Assets.xcassets"; sourceTree = "<group>"; };
		BC64EBB424D1168300EB6871 /* Base */ = {isa = PBXFileReference; lastKnownFileType = file.storyboard; name = Base; path = Base.lproj/LaunchScreen.storyboard; sourceTree = "<group>"; };
		BC64EBB624D1168300EB6871 /* Info.plist */ = {isa = PBXFileReference; lastKnownFileType = text.plist.xml; path = Info.plist; sourceTree = "<group>"; };
		BC64EBBC24D11B0400EB6871 /* PostCell.swift */ = {isa = PBXFileReference; lastKnownFileType = sourcecode.swift; path = PostCell.swift; sourceTree = "<group>"; };
		BC64EBBF24D1278700EB6871 /* 8697cf1ely8gashxj3b09j20u00u040v.jpg */ = {isa = PBXFileReference; lastKnownFileType = image.jpeg; path = 8697cf1ely8gashxj3b09j20u00u040v.jpg; sourceTree = "<group>"; };
		BC64EBC024D1278700EB6871 /* d0c21786ly1gavj2c0kcej20c8096dh7.jpg */ = {isa = PBXFileReference; lastKnownFileType = image.jpeg; path = d0c21786ly1gavj2c0kcej20c8096dh7.jpg; sourceTree = "<group>"; };
		BC64EBC124D1278700EB6871 /* 6ec3b446jw1e8qgp5bmzyj2050050aa8.jpg */ = {isa = PBXFileReference; lastKnownFileType = image.jpeg; path = 6ec3b446jw1e8qgp5bmzyj2050050aa8.jpg; sourceTree = "<group>"; };
		BC64EBC224D1278700EB6871 /* 8a0b5544jw1e8qgp5bmzyj2050050aa8.jpg */ = {isa = PBXFileReference; lastKnownFileType = image.jpeg; path = 8a0b5544jw1e8qgp5bmzyj2050050aa8.jpg; sourceTree = "<group>"; };
		BC64EBC324D1278700EB6871 /* bca7fdafly1gax1gqdg6qj20c80avdgl.jpg */ = {isa = PBXFileReference; lastKnownFileType = image.jpeg; path = bca7fdafly1gax1gqdg6qj20c80avdgl.jpg; sourceTree = "<group>"; };
		BC64EBC424D1278700EB6871 /* 9dc7402fjw1e8qgp5bmzyj2050050aa8.jpg */ = {isa = PBXFileReference; lastKnownFileType = image.jpeg; path = 9dc7402fjw1e8qgp5bmzyj2050050aa8.jpg; sourceTree = "<group>"; };
		BC64EBC524D1278700EB6871 /* eb5c94aegy1gav25n5ibjj20zk1h8wuu.jpg */ = {isa = PBXFileReference; lastKnownFileType = image.jpeg; path = eb5c94aegy1gav25n5ibjj20zk1h8wuu.jpg; sourceTree = "<group>"; };
		BC64EBC624D1278700EB6871 /* 006gWxMEly1gavap8dywoj30hs0bwq48.jpg */ = {isa = PBXFileReference; lastKnownFileType = image.jpeg; path = 006gWxMEly1gavap8dywoj30hs0bwq48.jpg; sourceTree = "<group>"; };
		BC64EBC724D1278700EB6871 /* 630584a6gy1gau54zl806j20m80etmzo.jpg */ = {isa = PBXFileReference; lastKnownFileType = image.jpeg; path = 630584a6gy1gau54zl806j20m80etmzo.jpg; sourceTree = "<group>"; };
		BC64EBC824D1278700EB6871 /* 9dc7402fgy1gavd38wwlrj20j60nyq6y.jpg */ = {isa = PBXFileReference; lastKnownFileType = image.jpeg; path = 9dc7402fgy1gavd38wwlrj20j60nyq6y.jpg; sourceTree = "<group>"; };
		BC64EBC924D1278700EB6871 /* 8a0b5544gy1gauy2flua6j20u00hitab.jpg */ = {isa = PBXFileReference; lastKnownFileType = image.jpeg; path = 8a0b5544gy1gauy2flua6j20u00hitab.jpg; sourceTree = "<group>"; };
		BC64EBCA24D1278700EB6871 /* 7f9147a5ly1fzxlh4ovuej20e90fl4fo.jpg */ = {isa = PBXFileReference; lastKnownFileType = image.jpeg; path = 7f9147a5ly1fzxlh4ovuej20e90fl4fo.jpg; sourceTree = "<group>"; };
		BC64EBCB24D1278700EB6871 /* 7f9147a5ly1fzxlgxgzpij20e90fltsj.jpg */ = {isa = PBXFileReference; lastKnownFileType = image.jpeg; path = 7f9147a5ly1fzxlgxgzpij20e90fltsj.jpg; sourceTree = "<group>"; };
		BC64EBCC24D1278700EB6871 /* 76297935ly1gatz8obqvkj22c0340npe.jpg */ = {isa = PBXFileReference; lastKnownFileType = image.jpeg; path = 76297935ly1gatz8obqvkj22c0340npe.jpg; sourceTree = "<group>"; };
		BC64EBCD24D1278700EB6871 /* d0c21786ly8fsax1ftiifj20ro0ro43g.jpg */ = {isa = PBXFileReference; lastKnownFileType = image.jpeg; path = d0c21786ly8fsax1ftiifj20ro0ro43g.jpg; sourceTree = "<group>"; };
		BC64EBCE24D1278700EB6871 /* 9dc7402fgy1gavd38kqjtj20j60nyn1d.jpg */ = {isa = PBXFileReference; lastKnownFileType = image.jpeg; path = 9dc7402fgy1gavd38kqjtj20j60nyn1d.jpg; sourceTree = "<group>"; };
		BC64EBCF24D1278700EB6871 /* 6a2afec3gy1gaulykcejqj20t5145wns.jpg */ = {isa = PBXFileReference; lastKnownFileType = image.jpeg; path = 6a2afec3gy1gaulykcejqj20t5145wns.jpg; sourceTree = "<group>"; };
		BC64EBD024D1278700EB6871 /* 4e7f0c83gy1gam2mp0x4pj22tc240u0x.jpg */ = {isa = PBXFileReference; lastKnownFileType = image.jpeg; path = 4e7f0c83gy1gam2mp0x4pj22tc240u0x.jpg; sourceTree = "<group>"; };
		BC64EBD124D1278700EB6871 /* c5aa834fgy1gauzrb7s5ej20tz13qh5x.jpg */ = {isa = PBXFileReference; lastKnownFileType = image.jpeg; path = c5aa834fgy1gauzrb7s5ej20tz13qh5x.jpg; sourceTree = "<group>"; };
		BC64EBD224D1278700EB6871 /* 700a34f6gy1gaunswxtlrj20j60pkgok.jpg */ = {isa = PBXFileReference; lastKnownFileType = image.jpeg; path = 700a34f6gy1gaunswxtlrj20j60pkgok.jpg; sourceTree = "<group>"; };
		BC64EBD324D1278700EB6871 /* 8a0b5544gy1gauy2ex786j20u0129aed.jpg */ = {isa = PBXFileReference; lastKnownFileType = image.jpeg; path = 8a0b5544gy1gauy2ex786j20u0129aed.jpg; sourceTree = "<group>"; };
		BC64EBD424D1278700EB6871 /* 76297935ly1gatz89dzblj23402c0qv6.jpg */ = {isa = PBXFileReference; lastKnownFileType = image.jpeg; path = 76297935ly1gatz89dzblj23402c0qv6.jpg; sourceTree = "<group>"; };
		BC64EBD524D1278700EB6871 /* 700a34f6gy1gaunswy5qnj20j60pkadk.jpg */ = {isa = PBXFileReference; lastKnownFileType = image.jpeg; path = 700a34f6gy1gaunswy5qnj20j60pkadk.jpg; sourceTree = "<group>"; };
		BC64EBD624D1278700EB6871 /* bca7fdafgw1ekhkps65b1j2050050dg4.jpg */ = {isa = PBXFileReference; lastKnownFileType = image.jpeg; path = bca7fdafgw1ekhkps65b1j2050050dg4.jpg; sourceTree = "<group>"; };
		BC64EBD724D1278700EB6871 /* PostListData_recommend_1.json */ = {isa = PBXFileReference; fileEncoding = 4; lastKnownFileType = text.json; path = PostListData_recommend_1.json; sourceTree = "<group>"; };
		BC64EBD824D1278700EB6871 /* 006gWxMEly8g0bjpl3ynij30kv0kv773.jpg */ = {isa = PBXFileReference; lastKnownFileType = image.jpeg; path = 006gWxMEly8g0bjpl3ynij30kv0kv773.jpg; sourceTree = "<group>"; };
		BC64EBD924D1278700EB6871 /* 6ec3b446gy1gavd51jc4lj20j60pmwhl.jpg */ = {isa = PBXFileReference; lastKnownFileType = image.jpeg; path = 6ec3b446gy1gavd51jc4lj20j60pmwhl.jpg; sourceTree = "<group>"; };
		BC64EBDA24D1278700EB6871 /* 006gWxMEly1gavap88gttj30hs0a0dgf.jpg */ = {isa = PBXFileReference; lastKnownFileType = image.jpeg; path = 006gWxMEly1gavap88gttj30hs0a0dgf.jpg; sourceTree = "<group>"; };
		BC64EBDB24D1278700EB6871 /* 4e7f0c83gy1gam2ml6nucj22tc240kjl.jpg */ = {isa = PBXFileReference; lastKnownFileType = image.jpeg; path = 4e7f0c83gy1gam2ml6nucj22tc240kjl.jpg; sourceTree = "<group>"; };
		BC64EBDC24D1278700EB6871 /* 4e7f0c83gy1gam2misv31j21hc0u016k.jpg */ = {isa = PBXFileReference; lastKnownFileType = image.jpeg; path = 4e7f0c83gy1gam2misv31j21hc0u016k.jpg; sourceTree = "<group>"; };
		BC64EBDD24D1278700EB6871 /* 8a0b5544gy1gauy2gmkg9j20u00gegnp.jpg */ = {isa = PBXFileReference; lastKnownFileType = image.jpeg; path = 8a0b5544gy1gauy2gmkg9j20u00gegnp.jpg; sourceTree = "<group>"; };
		BC64EBDE24D1278700EB6871 /* 006gWxMEly1gavap8vsqaj30hs0bwgm6.jpg */ = {isa = PBXFileReference; lastKnownFileType = image.jpeg; path = 006gWxMEly1gavap8vsqaj30hs0bwgm6.jpg; sourceTree = "<group>"; };
		BC64EBDF24D1278700EB6871 /* 648ed25bjw8est9nqrtnij20500503yr.jpg */ = {isa = PBXFileReference; lastKnownFileType = image.jpeg; path = 648ed25bjw8est9nqrtnij20500503yr.jpg; sourceTree = "<group>"; };
		BC64EBE024D1278700EB6871 /* eb5c94aegy1gav25ox6dvj20u00k1go9.jpg */ = {isa = PBXFileReference; lastKnownFileType = image.jpeg; path = eb5c94aegy1gav25ox6dvj20u00k1go9.jpg; sourceTree = "<group>"; };
		BC64EBE124D1278700EB6871 /* 8a0b5544gy1gauy2g35yoj20u00fomzf.jpg */ = {isa = PBXFileReference; lastKnownFileType = image.jpeg; path = 8a0b5544gy1gauy2g35yoj20u00fomzf.jpg; sourceTree = "<group>"; };
		BC64EBE224D1278700EB6871 /* 006PdkDoly8ffywe2fq39j304g04gwed.jpg */ = {isa = PBXFileReference; lastKnownFileType = image.jpeg; path = 006PdkDoly8ffywe2fq39j304g04gwed.jpg; sourceTree = "<group>"; };
		BC64EBE324D1278700EB6871 /* 700a34f6gy1gaunsxgzixj20j60edmz8.jpg */ = {isa = PBXFileReference; lastKnownFileType = image.jpeg; path = 700a34f6gy1gaunsxgzixj20j60edmz8.jpg; sourceTree = "<group>"; };
		BC64EBE424D1278700EB6871 /* bca7fdafly1gax1gqdnboj20c80atmxp.jpg */ = {isa = PBXFileReference; lastKnownFileType = image.jpeg; path = bca7fdafly1gax1gqdnboj20c80atmxp.jpg; sourceTree = "<group>"; };
		BC64EBE524D1278700EB6871 /* c5aa834fgy1gauzr6venkj20u01hc12f.jpg */ = {isa = PBXFileReference; lastKnownFileType = image.jpeg; path = c5aa834fgy1gauzr6venkj20u01hc12f.jpg; sourceTree = "<group>"; };
		BC64EBE624D1278700EB6871 /* 7f9147a5ly1fzxlh6hzdnj20e90fl7me.jpg */ = {isa = PBXFileReference; lastKnownFileType = image.jpeg; path = 7f9147a5ly1fzxlh6hzdnj20e90fl7me.jpg; sourceTree = "<group>"; };
		BC64EBE724D1278700EB6871 /* 630584a6gy1gau54zm4dtj20m80dftbv.jpg */ = {isa = PBXFileReference; lastKnownFileType = image.jpeg; path = 630584a6gy1gau54zm4dtj20m80dftbv.jpg; sourceTree = "<group>"; };
		BC64EBE824D1278700EB6871 /* c5aa834fgy1gauzr86bp5j20pb0w47in.jpg */ = {isa = PBXFileReference; lastKnownFileType = image.jpeg; path = c5aa834fgy1gauzr86bp5j20pb0w47in.jpg; sourceTree = "<group>"; };
		BC64EBE924D1278700EB6871 /* 9dc7402fgy1gavd39ba15j20j60nywii.jpg */ = {isa = PBXFileReference; lastKnownFileType = image.jpeg; path = 9dc7402fgy1gavd39ba15j20j60nywii.jpg; sourceTree = "<group>"; };
		BC64EBEA24D1278700EB6871 /* bca7fdafly1gax1gqfgsjj20c80axaay.jpg */ = {isa = PBXFileReference; lastKnownFileType = image.jpeg; path = bca7fdafly1gax1gqfgsjj20c80axaay.jpg; sourceTree = "<group>"; };
		BC64EBEB24D1278700EB6871 /* c5aa834fly8g97m8ix9lcj20re0regnk.jpg */ = {isa = PBXFileReference; lastKnownFileType = image.jpeg; path = c5aa834fly8g97m8ix9lcj20re0regnk.jpg; sourceTree = "<group>"; };
		BC64EBEC24D1278700EB6871 /* 700a34f6ly8g9a29rjt92j20fn0iqdg8.jpg */ = {isa = PBXFileReference; lastKnownFileType = image.jpeg; path = 700a34f6ly8g9a29rjt92j20fn0iqdg8.jpg; sourceTree = "<group>"; };
		BC64EBED24D1278700EB6871 /* d0c21786ly1gavj2cdrkyj20c80720tg.jpg */ = {isa = PBXFileReference; lastKnownFileType = image.jpeg; path = d0c21786ly1gavj2cdrkyj20c80720tg.jpg; sourceTree = "<group>"; };
		BC64EBEE24D1278700EB6871 /* bca7fdafly1gax1gqehdaj20c80atq3x.jpg */ = {isa = PBXFileReference; lastKnownFileType = image.jpeg; path = bca7fdafly1gax1gqehdaj20c80atq3x.jpg; sourceTree = "<group>"; };
		BC64EBEF24D1278700EB6871 /* d0c21786ly1gavj2d17d9j20c808zq3r.jpg */ = {isa = PBXFileReference; lastKnownFileType = image.jpeg; path = d0c21786ly1gavj2d17d9j20c808zq3r.jpg; sourceTree = "<group>"; };
		BC64EBF024D1278700EB6871 /* 8a0b5544gy1gauy2gz000j20u00n6wgj.jpg */ = {isa = PBXFileReference; lastKnownFileType = image.jpeg; path = 8a0b5544gy1gauy2gz000j20u00n6wgj.jpg; sourceTree = "<group>"; };
		BC64EBF124D1278700EB6871 /* 006PdkDogy1gap6ngj12ej30u011itf7.jpg */ = {isa = PBXFileReference; lastKnownFileType = image.jpeg; path = 006PdkDogy1gap6ngj12ej30u011itf7.jpg; sourceTree = "<group>"; };
		BC64EBF224D1278700EB6871 /* 700a34f6gy1gaunsx2jywj20j60pkaeu.jpg */ = {isa = PBXFileReference; lastKnownFileType = image.jpeg; path = 700a34f6gy1gaunsx2jywj20j60pkaeu.jpg; sourceTree = "<group>"; };
		BC64EBF324D1278700EB6871 /* 4e7f0c83gy1gam2mr1b81j22tc2407wi.jpg */ = {isa = PBXFileReference; lastKnownFileType = image.jpeg; path = 4e7f0c83gy1gam2mr1b81j22tc2407wi.jpg; sourceTree = "<group>"; };
		BC64EBF424D1278700EB6871 /* 6a2afec3jw8fb4ld0qf2gj20e80dsdfz.jpg */ = {isa = PBXFileReference; lastKnownFileType = image.jpeg; path = 6a2afec3jw8fb4ld0qf2gj20e80dsdfz.jpg; sourceTree = "<group>"; };
		BC64EBF524D1278700EB6871 /* bca7fdafly1gax1gqd9vmj20c80ayaam.jpg */ = {isa = PBXFileReference; lastKnownFileType = image.jpeg; path = bca7fdafly1gax1gqd9vmj20c80ayaam.jpg; sourceTree = "<group>"; };
		BC64EBF624D1278700EB6871 /* 8a0b5544gy1gauy2hcozsj20u01czdiy.jpg */ = {isa = PBXFileReference; lastKnownFileType = image.jpeg; path = 8a0b5544gy1gauy2hcozsj20u01czdiy.jpg; sourceTree = "<group>"; };
		BC64EBF724D1278700EB6871 /* c5aa834fgy1gauzr95r6fj20tw0l3dq4.jpg */ = {isa = PBXFileReference; lastKnownFileType = image.jpeg; path = c5aa834fgy1gauzr95r6fj20tw0l3dq4.jpg; sourceTree = "<group>"; };
		BC64EBF824D1278700EB6871 /* 006PdkDogy1gap6ngiyn3j30u011idle.jpg */ = {isa = PBXFileReference; lastKnownFileType = image.jpeg; path = 006PdkDogy1gap6ngiyn3j30u011idle.jpg; sourceTree = "<group>"; };
		BC64EBF924D1278700EB6871 /* d0c21786ly1gavj2btv6tj20c80790tg.jpg */ = {isa = PBXFileReference; lastKnownFileType = image.jpeg; path = d0c21786ly1gavj2btv6tj20c80790tg.jpg; sourceTree = "<group>"; };
		BC64EBFA24D1278700EB6871 /* PostListData_hot_1.json */ = {isa = PBXFileReference; fileEncoding = 4; lastKnownFileType = text.json; path = PostListData_hot_1.json; sourceTree = "<group>"; };
		BC64EBFB24D1278700EB6871 /* eb5c94aely8fmvumnl9baj20v90v9q49.jpg */ = {isa = PBXFileReference; lastKnownFileType = image.jpeg; path = eb5c94aely8fmvumnl9baj20v90v9q49.jpg; sourceTree = "<group>"; };
		BC64EBFC24D1278700EB6871 /* 630584a6ly8fqs5wwkkmrj20ku0kuta7.jpg */ = {isa = PBXFileReference; lastKnownFileType = image.jpeg; path = 630584a6ly8fqs5wwkkmrj20ku0kuta7.jpg; sourceTree = "<group>"; };
		BC64EBFD24D1278700EB6871 /* d0c21786ly1gavj2cowp9j20c8083ab4.jpg */ = {isa = PBXFileReference; lastKnownFileType = image.jpeg; path = d0c21786ly1gavj2cowp9j20c8083ab4.jpg; sourceTree = "<group>"; };
		BC64EBFE24D1278700EB6871 /* 9dc7402fgy1gavd367p0pj20j60nywic.jpg */ = {isa = PBXFileReference; lastKnownFileType = image.jpeg; path = 9dc7402fgy1gavd367p0pj20j60nywic.jpg; sourceTree = "<group>"; };
		BC64EBFF24D1278700EB6871 /* 006gWxMEly1gavap86qr9j30ht0qo40t.jpg */ = {isa = PBXFileReference; lastKnownFileType = image.jpeg; path = 006gWxMEly1gavap86qr9j30ht0qo40t.jpg; sourceTree = "<group>"; };
		BC64EC0024D1278700EB6871 /* 76297935ly1gatz8k5itij22c02c01ky.jpg */ = {isa = PBXFileReference; lastKnownFileType = image.jpeg; path = 76297935ly1gatz8k5itij22c02c01ky.jpg; sourceTree = "<group>"; };
		BC64EC0124D1278700EB6871 /* 76297935ly1gatz8g5rvxj22c03401kz.jpg */ = {isa = PBXFileReference; lastKnownFileType = image.jpeg; path = 76297935ly1gatz8g5rvxj22c03401kz.jpg; sourceTree = "<group>"; };
		BC64EC0224D1278700EB6871 /* 700a34f6gy1gaunsxhp4pj20j60pkn1k.jpg */ = {isa = PBXFileReference; lastKnownFileType = image.jpeg; path = 700a34f6gy1gaunsxhp4pj20j60pkn1k.jpg; sourceTree = "<group>"; };
		BC64EC0324D1278700EB6871 /* eb5c94aegy1gav2509cp5j20zk0k0n2j.jpg */ = {isa = PBXFileReference; lastKnownFileType = image.jpeg; path = eb5c94aegy1gav2509cp5j20zk0k0n2j.jpg; sourceTree = "<group>"; };
		BC64EC0424D1278700EB6871 /* 4e7f0c83gy1gam2mn58d3j22tc240qv5.jpg */ = {isa = PBXFileReference; lastKnownFileType = image.jpeg; path = 4e7f0c83gy1gam2mn58d3j22tc240qv5.jpg; sourceTree = "<group>"; };
		BC64EC0524D1278700EB6871 /* eb5c94aegy1gav26fycwlj20zk1h8drh.jpg */ = {isa = PBXFileReference; lastKnownFileType = image.jpeg; path = eb5c94aegy1gav26fycwlj20zk1h8drh.jpg; sourceTree = "<group>"; };
		BC64EC0624D1278700EB6871 /* 630584a6gy1gau54zyj61j20m80etn07.jpg */ = {isa = PBXFileReference; lastKnownFileType = image.jpeg; path = 630584a6gy1gau54zyj61j20m80etn07.jpg; sourceTree = "<group>"; };
		BC64EC0724D1278700EB6871 /* c5aa834fgy1gauzr8ok78j20tz12fk8w.jpg */ = {isa = PBXFileReference; lastKnownFileType = image.jpeg; path = c5aa834fgy1gauzr8ok78j20tz12fk8w.jpg; sourceTree = "<group>"; };
		BC64EC0824D1278700EB6871 /* 76297935ly8g4phfkq68hj20u00u0mzt.jpg */ = {isa = PBXFileReference; lastKnownFileType = image.jpeg; path = 76297935ly8g4phfkq68hj20u00u0mzt.jpg; sourceTree = "<group>"; };
		BC64EC0924D1278700EB6871 /* 9dc7402fgy1gavd37l9nwj20j60ny44q.jpg */ = {isa = PBXFileReference; lastKnownFileType = image.jpeg; path = 9dc7402fgy1gavd37l9nwj20j60ny44q.jpg; sourceTree = "<group>"; };
		BC64EC0A24D1278700EB6871 /* 700a34f6gy1gaunswwui7j20j60pl78e.jpg */ = {isa = PBXFileReference; lastKnownFileType = image.jpeg; path = 700a34f6gy1gaunswwui7j20j60pl78e.jpg; sourceTree = "<group>"; };
		BC64EC0B24D1278700EB6871 /* 630584a6gy1gau54zgaxhj20m80et0vq.jpg */ = {isa = PBXFileReference; lastKnownFileType = image.jpeg; path = 630584a6gy1gau54zgaxhj20m80et0vq.jpg; sourceTree = "<group>"; };
		BC64EC0C24D1278700EB6871 /* 4e7f0c83gy1gam2mjhk8zj21hc0v6wnx.jpg */ = {isa = PBXFileReference; lastKnownFileType = image.jpeg; path = 4e7f0c83gy1gam2mjhk8zj21hc0v6wnx.jpg; sourceTree = "<group>"; };
		BC64EC0D24D1278700EB6871 /* 6ec3b446gy1gavd4xud8lj20j60qkwj0.jpg */ = {isa = PBXFileReference; lastKnownFileType = image.jpeg; path = 6ec3b446gy1gavd4xud8lj20j60qkwj0.jpg; sourceTree = "<group>"; };
		BC64EC0E24D1278700EB6871 /* 4e7f0c83ly8g1ho507078j20ro0rojtq.jpg */ = {isa = PBXFileReference; lastKnownFileType = image.jpeg; path = 4e7f0c83ly8g1ho507078j20ro0rojtq.jpg; sourceTree = "<group>"; };
		BC64EC0F24D1278700EB6871 /* bca7fdafly1gax1gqdhouj20c80axaam.jpg */ = {isa = PBXFileReference; lastKnownFileType = image.jpeg; path = bca7fdafly1gax1gqdhouj20c80axaam.jpg; sourceTree = "<group>"; };
		BC64EC1024D1278700EB6871 /* 6ec3b446gy1gavd523embj20j60pytd6.jpg */ = {isa = PBXFileReference; lastKnownFileType = image.jpeg; path = 6ec3b446gy1gavd523embj20j60pytd6.jpg; sourceTree = "<group>"; };
		BC64EC1124D1278700EB6871 /* 005tnxzUly8gab4i2r73xj30u00u0js8.jpg */ = {isa = PBXFileReference; lastKnownFileType = image.jpeg; path = 005tnxzUly8gab4i2r73xj30u00u0js8.jpg; sourceTree = "<group>"; };
		BC64EC6524D12A6700EB6871 /* PostVIPBadge.swift */ = {isa = PBXFileReference; lastKnownFileType = sourcecode.swift; path = PostVIPBadge.swift; sourceTree = "<group>"; };
		BC64EC6724D13F1900EB6871 /* Post.swift */ = {isa = PBXFileReference; lastKnownFileType = sourcecode.swift; path = Post.swift; sourceTree = "<group>"; };
/* End PBXFileReference section */

/* Begin PBXFrameworksBuildPhase section */
		BC64EBA224D1167F00EB6871 /* Frameworks */ = {
			isa = PBXFrameworksBuildPhase;
			buildActionMask = 2147483647;
			files = (
			);
			runOnlyForDeploymentPostprocessing = 0;
		};
/* End PBXFrameworksBuildPhase section */

/* Begin PBXGroup section */
		BC64EB9C24D1167F00EB6871 = {
			isa = PBXGroup;
			children = (
				BC64EBA724D1167F00EB6871 /* WeiboDemo */,
				BC64EBA624D1167F00EB6871 /* Products */,
			);
			sourceTree = "<group>";
		};
		BC64EBA624D1167F00EB6871 /* Products */ = {
			isa = PBXGroup;
			children = (
				BC64EBA524D1167F00EB6871 /* WeiboDemo.app */,
			);
			name = Products;
			sourceTree = "<group>";
		};
		BC64EBA724D1167F00EB6871 /* WeiboDemo */ = {
			isa = PBXGroup;
			children = (
				BC64EBBE24D1278700EB6871 /* Resources */,
				BC64EBA824D1167F00EB6871 /* AppDelegate.swift */,
				BC64EBAA24D1167F00EB6871 /* SceneDelegate.swift */,
				BC64EBAC24D1167F00EB6871 /* ContentView.swift */,
				BC64EBAE24D1168300EB6871 /* Assets.xcassets */,
				BC64EBB324D1168300EB6871 /* LaunchScreen.storyboard */,
				BC64EBB624D1168300EB6871 /* Info.plist */,
				BC64EBB024D1168300EB6871 /* Preview Content */,
				BC64EBBC24D11B0400EB6871 /* PostCell.swift */,
				BC64EC6524D12A6700EB6871 /* PostVIPBadge.swift */,
				BC64EC6724D13F1900EB6871 /* Post.swift */,
			);
			path = WeiboDemo;
			sourceTree = "<group>";
		};
		BC64EBB024D1168300EB6871 /* Preview Content */ = {
			isa = PBXGroup;
			children = (
				BC64EBB124D1168300EB6871 /* Preview Assets.xcassets */,
			);
			path = "Preview Content";
			sourceTree = "<group>";
		};
		BC64EBBE24D1278700EB6871 /* Resources */ = {
			isa = PBXGroup;
			children = (
				BC64EBBF24D1278700EB6871 /* 8697cf1ely8gashxj3b09j20u00u040v.jpg */,
				BC64EBC024D1278700EB6871 /* d0c21786ly1gavj2c0kcej20c8096dh7.jpg */,
				BC64EBC124D1278700EB6871 /* 6ec3b446jw1e8qgp5bmzyj2050050aa8.jpg */,
				BC64EBC224D1278700EB6871 /* 8a0b5544jw1e8qgp5bmzyj2050050aa8.jpg */,
				BC64EBC324D1278700EB6871 /* bca7fdafly1gax1gqdg6qj20c80avdgl.jpg */,
				BC64EBC424D1278700EB6871 /* 9dc7402fjw1e8qgp5bmzyj2050050aa8.jpg */,
				BC64EBC524D1278700EB6871 /* eb5c94aegy1gav25n5ibjj20zk1h8wuu.jpg */,
				BC64EBC624D1278700EB6871 /* 006gWxMEly1gavap8dywoj30hs0bwq48.jpg */,
				BC64EBC724D1278700EB6871 /* 630584a6gy1gau54zl806j20m80etmzo.jpg */,
				BC64EBC824D1278700EB6871 /* 9dc7402fgy1gavd38wwlrj20j60nyq6y.jpg */,
				BC64EBC924D1278700EB6871 /* 8a0b5544gy1gauy2flua6j20u00hitab.jpg */,
				BC64EBCA24D1278700EB6871 /* 7f9147a5ly1fzxlh4ovuej20e90fl4fo.jpg */,
				BC64EBCB24D1278700EB6871 /* 7f9147a5ly1fzxlgxgzpij20e90fltsj.jpg */,
				BC64EBCC24D1278700EB6871 /* 76297935ly1gatz8obqvkj22c0340npe.jpg */,
				BC64EBCD24D1278700EB6871 /* d0c21786ly8fsax1ftiifj20ro0ro43g.jpg */,
				BC64EBCE24D1278700EB6871 /* 9dc7402fgy1gavd38kqjtj20j60nyn1d.jpg */,
				BC64EBCF24D1278700EB6871 /* 6a2afec3gy1gaulykcejqj20t5145wns.jpg */,
				BC64EBD024D1278700EB6871 /* 4e7f0c83gy1gam2mp0x4pj22tc240u0x.jpg */,
				BC64EBD124D1278700EB6871 /* c5aa834fgy1gauzrb7s5ej20tz13qh5x.jpg */,
				BC64EBD224D1278700EB6871 /* 700a34f6gy1gaunswxtlrj20j60pkgok.jpg */,
				BC64EBD324D1278700EB6871 /* 8a0b5544gy1gauy2ex786j20u0129aed.jpg */,
				BC64EBD424D1278700EB6871 /* 76297935ly1gatz89dzblj23402c0qv6.jpg */,
				BC64EBD524D1278700EB6871 /* 700a34f6gy1gaunswy5qnj20j60pkadk.jpg */,
				BC64EBD624D1278700EB6871 /* bca7fdafgw1ekhkps65b1j2050050dg4.jpg */,
				BC64EBD724D1278700EB6871 /* PostListData_recommend_1.json */,
				BC64EBD824D1278700EB6871 /* 006gWxMEly8g0bjpl3ynij30kv0kv773.jpg */,
				BC64EBD924D1278700EB6871 /* 6ec3b446gy1gavd51jc4lj20j60pmwhl.jpg */,
				BC64EBDA24D1278700EB6871 /* 006gWxMEly1gavap88gttj30hs0a0dgf.jpg */,
				BC64EBDB24D1278700EB6871 /* 4e7f0c83gy1gam2ml6nucj22tc240kjl.jpg */,
				BC64EBDC24D1278700EB6871 /* 4e7f0c83gy1gam2misv31j21hc0u016k.jpg */,
				BC64EBDD24D1278700EB6871 /* 8a0b5544gy1gauy2gmkg9j20u00gegnp.jpg */,
				BC64EBDE24D1278700EB6871 /* 006gWxMEly1gavap8vsqaj30hs0bwgm6.jpg */,
				BC64EBDF24D1278700EB6871 /* 648ed25bjw8est9nqrtnij20500503yr.jpg */,
				BC64EBE024D1278700EB6871 /* eb5c94aegy1gav25ox6dvj20u00k1go9.jpg */,
				BC64EBE124D1278700EB6871 /* 8a0b5544gy1gauy2g35yoj20u00fomzf.jpg */,
				BC64EBE224D1278700EB6871 /* 006PdkDoly8ffywe2fq39j304g04gwed.jpg */,
				BC64EBE324D1278700EB6871 /* 700a34f6gy1gaunsxgzixj20j60edmz8.jpg */,
				BC64EBE424D1278700EB6871 /* bca7fdafly1gax1gqdnboj20c80atmxp.jpg */,
				BC64EBE524D1278700EB6871 /* c5aa834fgy1gauzr6venkj20u01hc12f.jpg */,
				BC64EBE624D1278700EB6871 /* 7f9147a5ly1fzxlh6hzdnj20e90fl7me.jpg */,
				BC64EBE724D1278700EB6871 /* 630584a6gy1gau54zm4dtj20m80dftbv.jpg */,
				BC64EBE824D1278700EB6871 /* c5aa834fgy1gauzr86bp5j20pb0w47in.jpg */,
				BC64EBE924D1278700EB6871 /* 9dc7402fgy1gavd39ba15j20j60nywii.jpg */,
				BC64EBEA24D1278700EB6871 /* bca7fdafly1gax1gqfgsjj20c80axaay.jpg */,
				BC64EBEB24D1278700EB6871 /* c5aa834fly8g97m8ix9lcj20re0regnk.jpg */,
				BC64EBEC24D1278700EB6871 /* 700a34f6ly8g9a29rjt92j20fn0iqdg8.jpg */,
				BC64EBED24D1278700EB6871 /* d0c21786ly1gavj2cdrkyj20c80720tg.jpg */,
				BC64EBEE24D1278700EB6871 /* bca7fdafly1gax1gqehdaj20c80atq3x.jpg */,
				BC64EBEF24D1278700EB6871 /* d0c21786ly1gavj2d17d9j20c808zq3r.jpg */,
				BC64EBF024D1278700EB6871 /* 8a0b5544gy1gauy2gz000j20u00n6wgj.jpg */,
				BC64EBF124D1278700EB6871 /* 006PdkDogy1gap6ngj12ej30u011itf7.jpg */,
				BC64EBF224D1278700EB6871 /* 700a34f6gy1gaunsx2jywj20j60pkaeu.jpg */,
				BC64EBF324D1278700EB6871 /* 4e7f0c83gy1gam2mr1b81j22tc2407wi.jpg */,
				BC64EBF424D1278700EB6871 /* 6a2afec3jw8fb4ld0qf2gj20e80dsdfz.jpg */,
				BC64EBF524D1278700EB6871 /* bca7fdafly1gax1gqd9vmj20c80ayaam.jpg */,
				BC64EBF624D1278700EB6871 /* 8a0b5544gy1gauy2hcozsj20u01czdiy.jpg */,
				BC64EBF724D1278700EB6871 /* c5aa834fgy1gauzr95r6fj20tw0l3dq4.jpg */,
				BC64EBF824D1278700EB6871 /* 006PdkDogy1gap6ngiyn3j30u011idle.jpg */,
				BC64EBF924D1278700EB6871 /* d0c21786ly1gavj2btv6tj20c80790tg.jpg */,
				BC64EBFA24D1278700EB6871 /* PostListData_hot_1.json */,
				BC64EBFB24D1278700EB6871 /* eb5c94aely8fmvumnl9baj20v90v9q49.jpg */,
				BC64EBFC24D1278700EB6871 /* 630584a6ly8fqs5wwkkmrj20ku0kuta7.jpg */,
				BC64EBFD24D1278700EB6871 /* d0c21786ly1gavj2cowp9j20c8083ab4.jpg */,
				BC64EBFE24D1278700EB6871 /* 9dc7402fgy1gavd367p0pj20j60nywic.jpg */,
				BC64EBFF24D1278700EB6871 /* 006gWxMEly1gavap86qr9j30ht0qo40t.jpg */,
				BC64EC0024D1278700EB6871 /* 76297935ly1gatz8k5itij22c02c01ky.jpg */,
				BC64EC0124D1278700EB6871 /* 76297935ly1gatz8g5rvxj22c03401kz.jpg */,
				BC64EC0224D1278700EB6871 /* 700a34f6gy1gaunsxhp4pj20j60pkn1k.jpg */,
				BC64EC0324D1278700EB6871 /* eb5c94aegy1gav2509cp5j20zk0k0n2j.jpg */,
				BC64EC0424D1278700EB6871 /* 4e7f0c83gy1gam2mn58d3j22tc240qv5.jpg */,
				BC64EC0524D1278700EB6871 /* eb5c94aegy1gav26fycwlj20zk1h8drh.jpg */,
				BC64EC0624D1278700EB6871 /* 630584a6gy1gau54zyj61j20m80etn07.jpg */,
				BC64EC0724D1278700EB6871 /* c5aa834fgy1gauzr8ok78j20tz12fk8w.jpg */,
				BC64EC0824D1278700EB6871 /* 76297935ly8g4phfkq68hj20u00u0mzt.jpg */,
				BC64EC0924D1278700EB6871 /* 9dc7402fgy1gavd37l9nwj20j60ny44q.jpg */,
				BC64EC0A24D1278700EB6871 /* 700a34f6gy1gaunswwui7j20j60pl78e.jpg */,
				BC64EC0B24D1278700EB6871 /* 630584a6gy1gau54zgaxhj20m80et0vq.jpg */,
				BC64EC0C24D1278700EB6871 /* 4e7f0c83gy1gam2mjhk8zj21hc0v6wnx.jpg */,
				BC64EC0D24D1278700EB6871 /* 6ec3b446gy1gavd4xud8lj20j60qkwj0.jpg */,
				BC64EC0E24D1278700EB6871 /* 4e7f0c83ly8g1ho507078j20ro0rojtq.jpg */,
				BC64EC0F24D1278700EB6871 /* bca7fdafly1gax1gqdhouj20c80axaam.jpg */,
				BC64EC1024D1278700EB6871 /* 6ec3b446gy1gavd523embj20j60pytd6.jpg */,
				BC64EC1124D1278700EB6871 /* 005tnxzUly8gab4i2r73xj30u00u0js8.jpg */,
			);
			path = Resources;
			sourceTree = "<group>";
		};
/* End PBXGroup section */

/* Begin PBXNativeTarget section */
		BC64EBA424D1167F00EB6871 /* WeiboDemo */ = {
			isa = PBXNativeTarget;
			buildConfigurationList = BC64EBB924D1168300EB6871 /* Build configuration list for PBXNativeTarget "WeiboDemo" */;
			buildPhases = (
				BC64EBA124D1167F00EB6871 /* Sources */,
				BC64EBA224D1167F00EB6871 /* Frameworks */,
				BC64EBA324D1167F00EB6871 /* Resources */,
			);
			buildRules = (
			);
			dependencies = (
			);
			name = WeiboDemo;
			productName = WeiboDemo;
			productReference = BC64EBA524D1167F00EB6871 /* WeiboDemo.app */;
			productType = "com.apple.product-type.application";
		};
/* End PBXNativeTarget section */

/* Begin PBXProject section */
		BC64EB9D24D1167F00EB6871 /* Project object */ = {
			isa = PBXProject;
			attributes = {
				LastSwiftUpdateCheck = 1140;
				LastUpgradeCheck = 1140;
				ORGANIZATIONNAME = RND;
				TargetAttributes = {
					BC64EBA424D1167F00EB6871 = {
						CreatedOnToolsVersion = 11.4;
					};
				};
			};
			buildConfigurationList = BC64EBA024D1167F00EB6871 /* Build configuration list for PBXProject "WeiboDemo" */;
			compatibilityVersion = "Xcode 9.3";
			developmentRegion = en;
			hasScannedForEncodings = 0;
			knownRegions = (
				en,
				Base,
			);
			mainGroup = BC64EB9C24D1167F00EB6871;
			productRefGroup = BC64EBA624D1167F00EB6871 /* Products */;
			projectDirPath = "";
			projectRoot = "";
			targets = (
				BC64EBA424D1167F00EB6871 /* WeiboDemo */,
			);
		};
/* End PBXProject section */

/* Begin PBXResourcesBuildPhase section */
		BC64EBA324D1167F00EB6871 /* Resources */ = {
			isa = PBXResourcesBuildPhase;
			buildActionMask = 2147483647;
			files = (
				BC64EC1424D1278700EB6871 /* 6ec3b446jw1e8qgp5bmzyj2050050aa8.jpg in Resources */,
				BC64EC4724D1278800EB6871 /* 6a2afec3jw8fb4ld0qf2gj20e80dsdfz.jpg in Resources */,
				BC64EC5624D1278800EB6871 /* eb5c94aegy1gav2509cp5j20zk0k0n2j.jpg in Resources */,
				BC64EC5724D1278800EB6871 /* 4e7f0c83gy1gam2mn58d3j22tc240qv5.jpg in Resources */,
				BC64EC2324D1278700EB6871 /* 4e7f0c83gy1gam2mp0x4pj22tc240u0x.jpg in Resources */,
				BC64EC6324D1278800EB6871 /* 6ec3b446gy1gavd523embj20j60pytd6.jpg in Resources */,
				BC64EC3024D1278800EB6871 /* 8a0b5544gy1gauy2gmkg9j20u00gegnp.jpg in Resources */,
				BC64EC2624D1278700EB6871 /* 8a0b5544gy1gauy2ex786j20u0129aed.jpg in Resources */,
				BC64EC4124D1278800EB6871 /* bca7fdafly1gax1gqehdaj20c80atq3x.jpg in Resources */,
				BC64EC3924D1278800EB6871 /* 7f9147a5ly1fzxlh6hzdnj20e90fl7me.jpg in Resources */,
				BC64EC1524D1278700EB6871 /* 8a0b5544jw1e8qgp5bmzyj2050050aa8.jpg in Resources */,
				BC64EC5924D1278800EB6871 /* 630584a6gy1gau54zyj61j20m80etn07.jpg in Resources */,
				BC64EC3D24D1278800EB6871 /* bca7fdafly1gax1gqfgsjj20c80axaay.jpg in Resources */,
				BC64EC2224D1278700EB6871 /* 6a2afec3gy1gaulykcejqj20t5145wns.jpg in Resources */,
				BC64EC4C24D1278800EB6871 /* d0c21786ly1gavj2btv6tj20c80790tg.jpg in Resources */,
				BC64EC4F24D1278800EB6871 /* 630584a6ly8fqs5wwkkmrj20ku0kuta7.jpg in Resources */,
				BC64EC1224D1278700EB6871 /* 8697cf1ely8gashxj3b09j20u00u040v.jpg in Resources */,
				BC64EC2B24D1278800EB6871 /* 006gWxMEly8g0bjpl3ynij30kv0kv773.jpg in Resources */,
				BC64EC1A24D1278700EB6871 /* 630584a6gy1gau54zl806j20m80etmzo.jpg in Resources */,
				BC64EC3724D1278800EB6871 /* bca7fdafly1gax1gqdnboj20c80atmxp.jpg in Resources */,
				BC64EC4B24D1278800EB6871 /* 006PdkDogy1gap6ngiyn3j30u011idle.jpg in Resources */,
				BC64EC2924D1278700EB6871 /* bca7fdafgw1ekhkps65b1j2050050dg4.jpg in Resources */,
				BC64EC1C24D1278700EB6871 /* 8a0b5544gy1gauy2flua6j20u00hitab.jpg in Resources */,
				BC64EC6424D1278800EB6871 /* 005tnxzUly8gab4i2r73xj30u00u0js8.jpg in Resources */,
				BC64EC3E24D1278800EB6871 /* c5aa834fly8g97m8ix9lcj20re0regnk.jpg in Resources */,
				BC64EC1924D1278700EB6871 /* 006gWxMEly1gavap8dywoj30hs0bwq48.jpg in Resources */,
				BC64EC3124D1278800EB6871 /* 006gWxMEly1gavap8vsqaj30hs0bwgm6.jpg in Resources */,
				BC64EC5524D1278800EB6871 /* 700a34f6gy1gaunsxhp4pj20j60pkn1k.jpg in Resources */,
				BC64EC2424D1278700EB6871 /* c5aa834fgy1gauzrb7s5ej20tz13qh5x.jpg in Resources */,
				BC64EC1B24D1278700EB6871 /* 9dc7402fgy1gavd38wwlrj20j60nyq6y.jpg in Resources */,
				BC64EC1324D1278700EB6871 /* d0c21786ly1gavj2c0kcej20c8096dh7.jpg in Resources */,
				BC64EC5424D1278800EB6871 /* 76297935ly1gatz8g5rvxj22c03401kz.jpg in Resources */,
				BC64EC4424D1278800EB6871 /* 006PdkDogy1gap6ngj12ej30u011itf7.jpg in Resources */,
				BC64EC1724D1278700EB6871 /* 9dc7402fjw1e8qgp5bmzyj2050050aa8.jpg in Resources */,
				BC64EC4D24D1278800EB6871 /* PostListData_hot_1.json in Resources */,
				BC64EC4224D1278800EB6871 /* d0c21786ly1gavj2d17d9j20c808zq3r.jpg in Resources */,
				BC64EC5024D1278800EB6871 /* d0c21786ly1gavj2cowp9j20c8083ab4.jpg in Resources */,
				BC64EC3224D1278800EB6871 /* 648ed25bjw8est9nqrtnij20500503yr.jpg in Resources */,
				BC64EBB524D1168300EB6871 /* LaunchScreen.storyboard in Resources */,
				BC64EC3624D1278800EB6871 /* 700a34f6gy1gaunsxgzixj20j60edmz8.jpg in Resources */,
				BC64EC5224D1278800EB6871 /* 006gWxMEly1gavap86qr9j30ht0qo40t.jpg in Resources */,
				BC64EC2E24D1278800EB6871 /* 4e7f0c83gy1gam2ml6nucj22tc240kjl.jpg in Resources */,
				BC64EC4924D1278800EB6871 /* 8a0b5544gy1gauy2hcozsj20u01czdiy.jpg in Resources */,
				BC64EC6024D1278800EB6871 /* 6ec3b446gy1gavd4xud8lj20j60qkwj0.jpg in Resources */,
				BC64EC4524D1278800EB6871 /* 700a34f6gy1gaunsx2jywj20j60pkaeu.jpg in Resources */,
				BC64EC2824D1278700EB6871 /* 700a34f6gy1gaunswy5qnj20j60pkadk.jpg in Resources */,
				BC64EBB224D1168300EB6871 /* Preview Assets.xcassets in Resources */,
				BC64EC5324D1278800EB6871 /* 76297935ly1gatz8k5itij22c02c01ky.jpg in Resources */,
				BC64EC5124D1278800EB6871 /* 9dc7402fgy1gavd367p0pj20j60nywic.jpg in Resources */,
				BC64EC5E24D1278800EB6871 /* 630584a6gy1gau54zgaxhj20m80et0vq.jpg in Resources */,
				BC64EC6124D1278800EB6871 /* 4e7f0c83ly8g1ho507078j20ro0rojtq.jpg in Resources */,
				BC64EC4824D1278800EB6871 /* bca7fdafly1gax1gqd9vmj20c80ayaam.jpg in Resources */,
				BC64EC1E24D1278700EB6871 /* 7f9147a5ly1fzxlgxgzpij20e90fltsj.jpg in Resources */,
				BC64EC4A24D1278800EB6871 /* c5aa834fgy1gauzr95r6fj20tw0l3dq4.jpg in Resources */,
				BC64EC1F24D1278700EB6871 /* 76297935ly1gatz8obqvkj22c0340npe.jpg in Resources */,
				BC64EC3F24D1278800EB6871 /* 700a34f6ly8g9a29rjt92j20fn0iqdg8.jpg in Resources */,
				BC64EC2C24D1278800EB6871 /* 6ec3b446gy1gavd51jc4lj20j60pmwhl.jpg in Resources */,
				BC64EC5824D1278800EB6871 /* eb5c94aegy1gav26fycwlj20zk1h8drh.jpg in Resources */,
				BC64EC2524D1278700EB6871 /* 700a34f6gy1gaunswxtlrj20j60pkgok.jpg in Resources */,
				BC64EC4E24D1278800EB6871 /* eb5c94aely8fmvumnl9baj20v90v9q49.jpg in Resources */,
				BC64EC4624D1278800EB6871 /* 4e7f0c83gy1gam2mr1b81j22tc2407wi.jpg in Resources */,
				BC64EBAF24D1168300EB6871 /* Assets.xcassets in Resources */,
				BC64EC2F24D1278800EB6871 /* 4e7f0c83gy1gam2misv31j21hc0u016k.jpg in Resources */,
				BC64EC5A24D1278800EB6871 /* c5aa834fgy1gauzr8ok78j20tz12fk8w.jpg in Resources */,
				BC64EC4024D1278800EB6871 /* d0c21786ly1gavj2cdrkyj20c80720tg.jpg in Resources */,
				BC64EC1824D1278700EB6871 /* eb5c94aegy1gav25n5ibjj20zk1h8wuu.jpg in Resources */,
				BC64EC5F24D1278800EB6871 /* 4e7f0c83gy1gam2mjhk8zj21hc0v6wnx.jpg in Resources */,
				BC64EC5C24D1278800EB6871 /* 9dc7402fgy1gavd37l9nwj20j60ny44q.jpg in Resources */,
				BC64EC1624D1278700EB6871 /* bca7fdafly1gax1gqdg6qj20c80avdgl.jpg in Resources */,
				BC64EC5B24D1278800EB6871 /* 76297935ly8g4phfkq68hj20u00u0mzt.jpg in Resources */,
				BC64EC3824D1278800EB6871 /* c5aa834fgy1gauzr6venkj20u01hc12f.jpg in Resources */,
				BC64EC3324D1278800EB6871 /* eb5c94aegy1gav25ox6dvj20u00k1go9.jpg in Resources */,
				BC64EC5D24D1278800EB6871 /* 700a34f6gy1gaunswwui7j20j60pl78e.jpg in Resources */,
				BC64EC2D24D1278800EB6871 /* 006gWxMEly1gavap88gttj30hs0a0dgf.jpg in Resources */,
				BC64EC2124D1278700EB6871 /* 9dc7402fgy1gavd38kqjtj20j60nyn1d.jpg in Resources */,
				BC64EC3424D1278800EB6871 /* 8a0b5544gy1gauy2g35yoj20u00fomzf.jpg in Resources */,
				BC64EC3524D1278800EB6871 /* 006PdkDoly8ffywe2fq39j304g04gwed.jpg in Resources */,
				BC64EC2024D1278700EB6871 /* d0c21786ly8fsax1ftiifj20ro0ro43g.jpg in Resources */,
				BC64EC2724D1278700EB6871 /* 76297935ly1gatz89dzblj23402c0qv6.jpg in Resources */,
				BC64EC4324D1278800EB6871 /* 8a0b5544gy1gauy2gz000j20u00n6wgj.jpg in Resources */,
				BC64EC3A24D1278800EB6871 /* 630584a6gy1gau54zm4dtj20m80dftbv.jpg in Resources */,
				BC64EC6224D1278800EB6871 /* bca7fdafly1gax1gqdhouj20c80axaam.jpg in Resources */,
				BC64EC3C24D1278800EB6871 /* 9dc7402fgy1gavd39ba15j20j60nywii.jpg in Resources */,
				BC64EC3B24D1278800EB6871 /* c5aa834fgy1gauzr86bp5j20pb0w47in.jpg in Resources */,
				BC64EC2A24D1278700EB6871 /* PostListData_recommend_1.json in Resources */,
				BC64EC1D24D1278700EB6871 /* 7f9147a5ly1fzxlh4ovuej20e90fl4fo.jpg in Resources */,
			);
			runOnlyForDeploymentPostprocessing = 0;
		};
/* End PBXResourcesBuildPhase section */

/* Begin PBXSourcesBuildPhase section */
		BC64EBA124D1167F00EB6871 /* Sources */ = {
			isa = PBXSourcesBuildPhase;
			buildActionMask = 2147483647;
			files = (
				BC64EBA924D1167F00EB6871 /* AppDelegate.swift in Sources */,
				BC64EBAB24D1167F00EB6871 /* SceneDelegate.swift in Sources */,
				BC64EBAD24D1167F00EB6871 /* ContentView.swift in Sources */,
				BC64EC6824D13F1900EB6871 /* Post.swift in Sources */,
				BC64EBBD24D11B0400EB6871 /* PostCell.swift in Sources */,
				BC64EC6624D12A6700EB6871 /* PostVIPBadge.swift in Sources */,
			);
			runOnlyForDeploymentPostprocessing = 0;
		};
/* End PBXSourcesBuildPhase section */

/* Begin PBXVariantGroup section */
		BC64EBB324D1168300EB6871 /* LaunchScreen.storyboard */ = {
			isa = PBXVariantGroup;
			children = (
				BC64EBB424D1168300EB6871 /* Base */,
			);
			name = LaunchScreen.storyboard;
			sourceTree = "<group>";
		};
/* End PBXVariantGroup section */

/* Begin XCBuildConfiguration section */
		BC64EBB724D1168300EB6871 /* Debug */ = {
			isa = XCBuildConfiguration;
			buildSettings = {
				ALWAYS_SEARCH_USER_PATHS = NO;
				CLANG_ANALYZER_NONNULL = YES;
				CLANG_ANALYZER_NUMBER_OBJECT_CONVERSION = YES_AGGRESSIVE;
				CLANG_CXX_LANGUAGE_STANDARD = "gnu++14";
				CLANG_CXX_LIBRARY = "libc++";
				CLANG_ENABLE_MODULES = YES;
				CLANG_ENABLE_OBJC_ARC = YES;
				CLANG_ENABLE_OBJC_WEAK = YES;
				CLANG_WARN_BLOCK_CAPTURE_AUTORELEASING = YES;
				CLANG_WARN_BOOL_CONVERSION = YES;
				CLANG_WARN_COMMA = YES;
				CLANG_WARN_CONSTANT_CONVERSION = YES;
				CLANG_WARN_DEPRECATED_OBJC_IMPLEMENTATIONS = YES;
				CLANG_WARN_DIRECT_OBJC_ISA_USAGE = YES_ERROR;
				CLANG_WARN_DOCUMENTATION_COMMENTS = YES;
				CLANG_WARN_EMPTY_BODY = YES;
				CLANG_WARN_ENUM_CONVERSION = YES;
				CLANG_WARN_INFINITE_RECURSION = YES;
				CLANG_WARN_INT_CONVERSION = YES;
				CLANG_WARN_NON_LITERAL_NULL_CONVERSION = YES;
				CLANG_WARN_OBJC_IMPLICIT_RETAIN_SELF = YES;
				CLANG_WARN_OBJC_LITERAL_CONVERSION = YES;
				CLANG_WARN_OBJC_ROOT_CLASS = YES_ERROR;
				CLANG_WARN_RANGE_LOOP_ANALYSIS = YES;
				CLANG_WARN_STRICT_PROTOTYPES = YES;
				CLANG_WARN_SUSPICIOUS_MOVE = YES;
				CLANG_WARN_UNGUARDED_AVAILABILITY = YES_AGGRESSIVE;
				CLANG_WARN_UNREACHABLE_CODE = YES;
				CLANG_WARN__DUPLICATE_METHOD_MATCH = YES;
				COPY_PHASE_STRIP = NO;
				DEBUG_INFORMATION_FORMAT = dwarf;
				ENABLE_STRICT_OBJC_MSGSEND = YES;
				ENABLE_TESTABILITY = YES;
				GCC_C_LANGUAGE_STANDARD = gnu11;
				GCC_DYNAMIC_NO_PIC = NO;
				GCC_NO_COMMON_BLOCKS = YES;
				GCC_OPTIMIZATION_LEVEL = 0;
				GCC_PREPROCESSOR_DEFINITIONS = (
					"DEBUG=1",
					"$(inherited)",
				);
				GCC_WARN_64_TO_32_BIT_CONVERSION = YES;
				GCC_WARN_ABOUT_RETURN_TYPE = YES_ERROR;
				GCC_WARN_UNDECLARED_SELECTOR = YES;
				GCC_WARN_UNINITIALIZED_AUTOS = YES_AGGRESSIVE;
				GCC_WARN_UNUSED_FUNCTION = YES;
				GCC_WARN_UNUSED_VARIABLE = YES;
				IPHONEOS_DEPLOYMENT_TARGET = 13.4;
				MTL_ENABLE_DEBUG_INFO = INCLUDE_SOURCE;
				MTL_FAST_MATH = YES;
				ONLY_ACTIVE_ARCH = YES;
				SDKROOT = iphoneos;
				SWIFT_ACTIVE_COMPILATION_CONDITIONS = DEBUG;
				SWIFT_OPTIMIZATION_LEVEL = "-Onone";
			};
			name = Debug;
		};
		BC64EBB824D1168300EB6871 /* Release */ = {
			isa = XCBuildConfiguration;
			buildSettings = {
				ALWAYS_SEARCH_USER_PATHS = NO;
				CLANG_ANALYZER_NONNULL = YES;
				CLANG_ANALYZER_NUMBER_OBJECT_CONVERSION = YES_AGGRESSIVE;
				CLANG_CXX_LANGUAGE_STANDARD = "gnu++14";
				CLANG_CXX_LIBRARY = "libc++";
				CLANG_ENABLE_MODULES = YES;
				CLANG_ENABLE_OBJC_ARC = YES;
				CLANG_ENABLE_OBJC_WEAK = YES;
				CLANG_WARN_BLOCK_CAPTURE_AUTORELEASING = YES;
				CLANG_WARN_BOOL_CONVERSION = YES;
				CLANG_WARN_COMMA = YES;
				CLANG_WARN_CONSTANT_CONVERSION = YES;
				CLANG_WARN_DEPRECATED_OBJC_IMPLEMENTATIONS = YES;
				CLANG_WARN_DIRECT_OBJC_ISA_USAGE = YES_ERROR;
				CLANG_WARN_DOCUMENTATION_COMMENTS = YES;
				CLANG_WARN_EMPTY_BODY = YES;
				CLANG_WARN_ENUM_CONVERSION = YES;
				CLANG_WARN_INFINITE_RECURSION = YES;
				CLANG_WARN_INT_CONVERSION = YES;
				CLANG_WARN_NON_LITERAL_NULL_CONVERSION = YES;
				CLANG_WARN_OBJC_IMPLICIT_RETAIN_SELF = YES;
				CLANG_WARN_OBJC_LITERAL_CONVERSION = YES;
				CLANG_WARN_OBJC_ROOT_CLASS = YES_ERROR;
				CLANG_WARN_RANGE_LOOP_ANALYSIS = YES;
				CLANG_WARN_STRICT_PROTOTYPES = YES;
				CLANG_WARN_SUSPICIOUS_MOVE = YES;
				CLANG_WARN_UNGUARDED_AVAILABILITY = YES_AGGRESSIVE;
				CLANG_WARN_UNREACHABLE_CODE = YES;
				CLANG_WARN__DUPLICATE_METHOD_MATCH = YES;
				COPY_PHASE_STRIP = NO;
				DEBUG_INFORMATION_FORMAT = "dwarf-with-dsym";
				ENABLE_NS_ASSERTIONS = NO;
				ENABLE_STRICT_OBJC_MSGSEND = YES;
				GCC_C_LANGUAGE_STANDARD = gnu11;
				GCC_NO_COMMON_BLOCKS = YES;
				GCC_WARN_64_TO_32_BIT_CONVERSION = YES;
				GCC_WARN_ABOUT_RETURN_TYPE = YES_ERROR;
				GCC_WARN_UNDECLARED_SELECTOR = YES;
				GCC_WARN_UNINITIALIZED_AUTOS = YES_AGGRESSIVE;
				GCC_WARN_UNUSED_FUNCTION = YES;
				GCC_WARN_UNUSED_VARIABLE = YES;
				IPHONEOS_DEPLOYMENT_TARGET = 13.4;
				MTL_ENABLE_DEBUG_INFO = NO;
				MTL_FAST_MATH = YES;
				SDKROOT = iphoneos;
				SWIFT_COMPILATION_MODE = wholemodule;
				SWIFT_OPTIMIZATION_LEVEL = "-O";
				VALIDATE_PRODUCT = YES;
			};
			name = Release;
		};
		BC64EBBA24D1168300EB6871 /* Debug */ = {
			isa = XCBuildConfiguration;
			buildSettings = {
				ASSETCATALOG_COMPILER_APPICON_NAME = AppIcon;
				CODE_SIGN_STYLE = Automatic;
				DEVELOPMENT_ASSET_PATHS = "\"WeiboDemo/Preview Content\"";
				DEVELOPMENT_TEAM = 4B5F6ELE34;
				ENABLE_PREVIEWS = YES;
				INFOPLIST_FILE = WeiboDemo/Info.plist;
				LD_RUNPATH_SEARCH_PATHS = (
					"$(inherited)",
					"@executable_path/Frameworks",
				);
				PRODUCT_BUNDLE_IDENTIFIER = com.rnd.WeiboDemo;
				PRODUCT_NAME = "$(TARGET_NAME)";
				SWIFT_VERSION = 5.0;
				TARGETED_DEVICE_FAMILY = "1,2";
			};
			name = Debug;
		};
		BC64EBBB24D1168300EB6871 /* Release */ = {
			isa = XCBuildConfiguration;
			buildSettings = {
				ASSETCATALOG_COMPILER_APPICON_NAME = AppIcon;
				CODE_SIGN_STYLE = Automatic;
				DEVELOPMENT_ASSET_PATHS = "\"WeiboDemo/Preview Content\"";
				DEVELOPMENT_TEAM = 4B5F6ELE34;
				ENABLE_PREVIEWS = YES;
				INFOPLIST_FILE = WeiboDemo/Info.plist;
				LD_RUNPATH_SEARCH_PATHS = (
					"$(inherited)",
					"@executable_path/Frameworks",
				);
				PRODUCT_BUNDLE_IDENTIFIER = com.rnd.WeiboDemo;
				PRODUCT_NAME = "$(TARGET_NAME)";
				SWIFT_VERSION = 5.0;
				TARGETED_DEVICE_FAMILY = "1,2";
			};
			name = Release;
		};
/* End XCBuildConfiguration section */

/* Begin XCConfigurationList section */
		BC64EBA024D1167F00EB6871 /* Build configuration list for PBXProject "WeiboDemo" */ = {
			isa = XCConfigurationList;
			buildConfigurations = (
				BC64EBB724D1168300EB6871 /* Debug */,
				BC64EBB824D1168300EB6871 /* Release */,
			);
			defaultConfigurationIsVisible = 0;
			defaultConfigurationName = Release;
		};
		BC64EBB924D1168300EB6871 /* Build configuration list for PBXNativeTarget "WeiboDemo" */ = {
			isa = XCConfigurationList;
			buildConfigurations = (
				BC64EBBA24D1168300EB6871 /* Debug */,
				BC64EBBB24D1168300EB6871 /* Release */,
			);
			defaultConfigurationIsVisible = 0;
			defaultConfigurationName = Release;
		};
/* End XCConfigurationList section */
	};
	rootObject = BC64EB9D24D1167F00EB6871 /* Project object */;
}
